
Microsoft Visual Studio Solution File, Format Version 12.00
# Visual Studio Version 17
VisualStudioVersion = 17.0.32112.339
MinimumVisualStudioVersion = 10.0.40219.1
Project("{FAE04EC0-301F-11D3-BF4B-00C04F79EFBC}") = "LogicalProblemss", "LogicalProblemss\LogicalProblemss.csproj", "{2371698E-678B-42BF-ACD4-99F29263637C}"
EndProject
Global
	GlobalSection(SolutionConfigurationPlatforms) = preSolution
		Debug|Any CPU = Debug|Any CPU
		Release|Any CPU = Release|Any CPU
	EndGlobalSection
	GlobalSection(ProjectConfigurationPlatforms) = postSolution
		{2371698E-678B-42BF-ACD4-99F29263637C}.Debug|Any CPU.ActiveCfg = Debug|Any CPU
		{2371698E-678B-42BF-ACD4-99F29263637C}.Debug|Any CPU.Build.0 = Debug|Any CPU
		{2371698E-678B-42BF-ACD4-99F29263637C}.Release|Any CPU.ActiveCfg = Release|Any CPU
		{2371698E-678B-42BF-ACD4-99F29263637C}.Release|Any CPU.Build.0 = Release|Any CPU
	EndGlobalSection
	GlobalSection(SolutionProperties) = preSolution
		HideSolutionNode = FALSE
	EndGlobalSection
	GlobalSection(ExtensibilityGlobals) = postSolution
		SolutionGuid = {E480DF41-E3BA-40CD-9B7A-CFE8FD9B65DC}
	EndGlobalSection
EndGlobal
